{
  "name": "react_native_realestate",
  "version": "1.0.0",
  "lockfileVersion": 1,
  "requires": true,
  "dependencies": {
    "use-debounce": {
      "version": "10.0.4",
      "resolved": "https://registry.npmjs.org/use-debounce/-/use-debounce-10.0.4.tgz",
      "integrity": "sha512-6Cf7Yr7Wk7Kdv77nnJMf6de4HuDE4dTxKij+RqE9rufDsI6zsbjyAxcH5y2ueJCQAnfgKbzXbZHYlkFwmBlWkw=="
    }
  }
}
